
Microsoft Visual Studio Solution File, Format Version 12.00
# Visual Studio 15
VisualStudioVersion = 15.0.28307.136
MinimumVisualStudioVersion = 10.0.40219.1
Project("{FAE04EC0-301F-11D3-BF4B-00C04F79EFBC}") = "Comply365.API.Samples.Models", "Comply365.API.Samples.Models\Comply365.API.Samples.Models.csproj", "{50A82439-4F7C-4B6C-9BCB-9095744203AA}"
EndProject
Project("{FAE04EC0-301F-11D3-BF4B-00C04F79EFBC}") = "Comply365.API.Samples.Actions", "Comply365.API.Samples.Actions\Comply365.API.Samples.Actions.csproj", "{8619A574-C117-4B64-9B39-631EBD48C748}"
EndProject
Project("{FAE04EC0-301F-11D3-BF4B-00C04F79EFBC}") = "Comply365.API.Samples.Tests", "Comply365.API.Samples.Tests\Comply365.API.Samples.Tests.csproj", "{A7BA1416-4B19-4F30-AC80-A2861FF11CD6}"
EndProject
Global
	GlobalSection(SolutionConfigurationPlatforms) = preSolution
		Debug|Any CPU = Debug|Any CPU
		Release|Any CPU = Release|Any CPU
	EndGlobalSection
	GlobalSection(ProjectConfigurationPlatforms) = postSolution
		{50A82439-4F7C-4B6C-9BCB-9095744203AA}.Debug|Any CPU.ActiveCfg = Debug|Any CPU
		{50A82439-4F7C-4B6C-9BCB-9095744203AA}.Debug|Any CPU.Build.0 = Debug|Any CPU
		{50A82439-4F7C-4B6C-9BCB-9095744203AA}.Release|Any CPU.ActiveCfg = Release|Any CPU
		{50A82439-4F7C-4B6C-9BCB-9095744203AA}.Release|Any CPU.Build.0 = Release|Any CPU
		{8619A574-C117-4B64-9B39-631EBD48C748}.Debug|Any CPU.ActiveCfg = Debug|Any CPU
		{8619A574-C117-4B64-9B39-631EBD48C748}.Debug|Any CPU.Build.0 = Debug|Any CPU
		{8619A574-C117-4B64-9B39-631EBD48C748}.Release|Any CPU.ActiveCfg = Release|Any CPU
		{8619A574-C117-4B64-9B39-631EBD48C748}.Release|Any CPU.Build.0 = Release|Any CPU
		{A7BA1416-4B19-4F30-AC80-A2861FF11CD6}.Debug|Any CPU.ActiveCfg = Debug|Any CPU
		{A7BA1416-4B19-4F30-AC80-A2861FF11CD6}.Debug|Any CPU.Build.0 = Debug|Any CPU
		{A7BA1416-4B19-4F30-AC80-A2861FF11CD6}.Release|Any CPU.ActiveCfg = Release|Any CPU
		{A7BA1416-4B19-4F30-AC80-A2861FF11CD6}.Release|Any CPU.Build.0 = Release|Any CPU
	EndGlobalSection
	GlobalSection(SolutionProperties) = preSolution
		HideSolutionNode = FALSE
	EndGlobalSection
	GlobalSection(ExtensibilityGlobals) = postSolution
		SolutionGuid = {DA793B12-92AD-47C5-8C74-7B5A6995507D}
	EndGlobalSection
EndGlobal
